
Microsoft Visual Studio Solution File, Format Version 12.00
# Visual Studio Version 16
VisualStudioVersion = 16.0.31019.35
MinimumVisualStudioVersion = 10.0.40219.1
Project("{FAE04EC0-301F-11D3-BF4B-00C04F79EFBC}") = "ToursApp", "ToursApp.csproj", "{C9443351-EB5A-49CE-8D1A-F6576E291866}"
EndProject
Global
	GlobalSection(SolutionConfigurationPlatforms) = preSolution
		Debug|Any CPU = Debug|Any CPU
		Release|Any CPU = Release|Any CPU
	EndGlobalSection
	GlobalSection(ProjectConfigurationPlatforms) = postSolution
		{C9443351-EB5A-49CE-8D1A-F6576E291866}.Debug|Any CPU.ActiveCfg = Debug|Any CPU
		{C9443351-EB5A-49CE-8D1A-F6576E291866}.Debug|Any CPU.Build.0 = Debug|Any CPU
		{C9443351-EB5A-49CE-8D1A-F6576E291866}.Release|Any CPU.ActiveCfg = Release|Any CPU
		{C9443351-EB5A-49CE-8D1A-F6576E291866}.Release|Any CPU.Build.0 = Release|Any CPU
	EndGlobalSection
	GlobalSection(SolutionProperties) = preSolution
		HideSolutionNode = FALSE
	EndGlobalSection
	GlobalSection(ExtensibilityGlobals) = postSolution
		SolutionGuid = {3E5B3D61-81E1-467F-953B-92578E888855}
	EndGlobalSection
EndGlobal
